{
  "object": {
    "pins": [
      {
        "package": "AlamofireImage",
        "repositoryURL": "https://github.com/Alamofire/AlamofireImage.git",
        "state": {
          "branch": null,
          "revision": "3e8edbeb75227f8542aa87f90240cf0424d6362f",
          "version": "4.1.0"
        }
      }
    ]
  },
  "version": 1
}
